# This file is generated by running "yarn install" inside your project.
# Manual changes might be lost - proceed with caution!

__metadata:
  version: 8
  cacheKey: 10c0

"@babel/runtime@npm:^7.25.6, @babel/runtime@npm:^7.29.2":
  version: 7.29.2
  resolution: "@babel/runtime@npm:7.29.2"
  checksum: 10c0/30b80a0140d16467792e1bbeb06f655b0dab70407da38dfac7fedae9c859f9ae9d846ef14ad77bd3814c064295fe9b1bc551f1541ea14646ae9f22b71a8bc17a
  languageName: node
  linkType: hard

"@esbuild/aix-ppc64@npm:0.25.5":
  version: 0.25.5
  resolution: "@esbuild/aix-ppc64@npm:0.25.5"
  conditions: os=aix & cpu=ppc64
  languageName: node
  linkType: hard

"@esbuild/android-arm64@npm:0.25.5":
  version: 0.25.5
  resolution: "@esbuild/android-arm64@npm:0.25.5"
  conditions: os=android & cpu=arm64
  languageName: node
  linkType: hard

"@esbuild/android-arm@npm:0.25.5":
  version: 0.25.5
  resolution: "@esbuild/android-arm@npm:0.25.5"
  conditions: os=android & cpu=arm
  languageName: node
  linkType: hard

"@esbuild/android-x64@npm:0.25.5":
  version: 0.25.5
  resolution: "@esbuild/android-x64@npm:0.25.5"
  conditions: os=android & cpu=x64
  languageName: node
  linkType: hard

"@esbuild/darwin-arm64@npm:0.25.5":
  version: 0.25.5
  resolution: "@esbuild/darwin-arm64@npm:0.25.5"
  conditions: os=darwin & cpu=arm64
  languageName: node
  linkType: hard

"@esbuild/darwin-x64@npm:0.25.5":
  version: 0.25.5
  resolution: "@esbuild/darwin-x64@npm:0.25.5"
  conditions: os=darwin & cpu=x64
  languageName: node
  linkType: hard

"@esbuild/freebsd-arm64@npm:0.25.5":
  version: 0.25.5
  resolution: "@esbuild/freebsd-arm64@npm:0.25.5"
  conditions: os=freebsd & cpu=arm64
  languageName: node
  linkType: hard

"@esbuild/freebsd-x64@npm:0.25.5":
  version: 0.25.5
  resolution: "@esbuild/freebsd-x64@npm:0.25.5"
  conditions: os=freebsd & cpu=x64
  languageName: node
  linkType: hard

"@esbuild/linux-arm64@npm:0.25.5":
  version: 0.25.5
  resolution: "@esbuild/linux-arm64@npm:0.25.5"
  conditions: os=linux & cpu=arm64
  languageName: node
  linkType: hard

"@esbuild/linux-arm@npm:0.25.5":
  version: 0.25.5
  resolution: "@esbuild/linux-arm@npm:0.25.5"
  conditions: os=linux & cpu=arm
  languageName: node
  linkType: hard

"@esbuild/linux-ia32@npm:0.25.5":
  version: 0.25.5
  resolution: "@esbuild/linux-ia32@npm:0.25.5"
  conditions: os=linux & cpu=ia32
  languageName: node
  linkType: hard

"@esbuild/linux-loong64@npm:0.25.5":
  version: 0.25.5
  resolution: "@esbuild/linux-loong64@npm:0.25.5"
  conditions: os=linux & cpu=loong64
  languageName: node
  linkType: hard

"@esbuild/linux-mips64el@npm:0.25.5":
  version: 0.25.5
  resolution: "@esbuild/linux-mips64el@npm:0.25.5"
  conditions: os=linux & cpu=mips64el
  languageName: node
  linkType: hard

"@esbuild/linux-ppc64@npm:0.25.5":
  version: 0.25.5
  resolution: "@esbuild/linux-ppc64@npm:0.25.5"
  conditions: os=linux & cpu=ppc64
  languageName: node
  linkType: hard

"@esbuild/linux-riscv64@npm:0.25.5":
  version: 0.25.5
  resolution: "@esbuild/linux-riscv64@npm:0.25.5"
  conditions: os=linux & cpu=riscv64
  languageName: node
  linkType: hard

"@esbuild/linux-s390x@npm:0.25.5":
  version: 0.25.5
  resolution: "@esbuild/linux-s390x@npm:0.25.5"
  conditions: os=linux & cpu=s390x
  languageName: node
  linkType: hard

"@esbuild/linux-x64@npm:0.25.5":
  version: 0.25.5
  resolution: "@esbuild/linux-x64@npm:0.25.5"
  conditions: os=linux & cpu=x64
  languageName: node
  linkType: hard

"@esbuild/netbsd-arm64@npm:0.25.5":
  version: 0.25.5
  resolution: "@esbuild/netbsd-arm64@npm:0.25.5"
  conditions: os=netbsd & cpu=arm64
  languageName: node
  linkType: hard

"@esbuild/netbsd-x64@npm:0.25.5":
  version: 0.25.5
  resolution: "@esbuild/netbsd-x64@npm:0.25.5"
  conditions: os=netbsd & cpu=x64
  languageName: node
  linkType: hard

"@esbuild/openbsd-arm64@npm:0.25.5":
  version: 0.25.5
  resolution: "@esbuild/openbsd-arm64@npm:0.25.5"
  conditions: os=openbsd & cpu=arm64
  languageName: node
  linkType: hard

"@esbuild/openbsd-x64@npm:0.25.5":
  version: 0.25.5
  resolution: "@esbuild/openbsd-x64@npm:0.25.5"
  conditions: os=openbsd & cpu=x64
  languageName: node
  linkType: hard

"@esbuild/sunos-x64@npm:0.25.5":
  version: 0.25.5
  resolution: "@esbuild/sunos-x64@npm:0.25.5"
  conditions: os=sunos & cpu=x64
  languageName: node
  linkType: hard

"@esbuild/win32-arm64@npm:0.25.5":
  version: 0.25.5
  resolution: "@esbuild/win32-arm64@npm:0.25.5"
  conditions: os=win32 & cpu=arm64
  languageName: node
  linkType: hard

"@esbuild/win32-ia32@npm:0.25.5":
  version: 0.25.5
  resolution: "@esbuild/win32-ia32@npm:0.25.5"
  conditions: os=win32 & cpu=ia32
  languageName: node
  linkType: hard

"@esbuild/win32-x64@npm:0.25.5":
  version: 0.25.5
  resolution: "@esbuild/win32-x64@npm:0.25.5"
  conditions: os=win32 & cpu=x64
  languageName: node
  linkType: hard

"automation-events@npm:^7.0.9":
  version: 7.1.19
  resolution: "automation-events@npm:7.1.19"
  dependencies:
    "@babel/runtime": "npm:^7.29.2"
    tslib: "npm:^2.8.1"
  checksum: 10c0/f95b1c589c6ddf68521b916285e79449493c9c3cf836bca51ac24aae9af7d5c2881bc4d5be1e59cf1a046be8e7e9aa59fb3eed03d72adb1c51fe51ab03d3d911
  languageName: node
  linkType: hard

"decimal.js@npm:^10.5.0":
  version: 10.5.0
  resolution: "decimal.js@npm:10.5.0"
  checksum: 10c0/785c35279df32762143914668df35948920b6c1c259b933e0519a69b7003fc0a5ed2a766b1e1dda02574450c566b21738a45f15e274b47c2ac02072c0d1f3ac3
  languageName: node
  linkType: hard

"esbuild@npm:^0.25.5":
  version: 0.25.5
  resolution: "esbuild@npm:0.25.5"
  dependencies:
    "@esbuild/aix-ppc64": "npm:0.25.5"
    "@esbuild/android-arm": "npm:0.25.5"
    "@esbuild/android-arm64": "npm:0.25.5"
    "@esbuild/android-x64": "npm:0.25.5"
    "@esbuild/darwin-arm64": "npm:0.25.5"
    "@esbuild/darwin-x64": "npm:0.25.5"
    "@esbuild/freebsd-arm64": "npm:0.25.5"
    "@esbuild/freebsd-x64": "npm:0.25.5"
    "@esbuild/linux-arm": "npm:0.25.5"
    "@esbuild/linux-arm64": "npm:0.25.5"
    "@esbuild/linux-ia32": "npm:0.25.5"
    "@esbuild/linux-loong64": "npm:0.25.5"
    "@esbuild/linux-mips64el": "npm:0.25.5"
    "@esbuild/linux-ppc64": "npm:0.25.5"
    "@esbuild/linux-riscv64": "npm:0.25.5"
    "@esbuild/linux-s390x": "npm:0.25.5"
    "@esbuild/linux-x64": "npm:0.25.5"
    "@esbuild/netbsd-arm64": "npm:0.25.5"
    "@esbuild/netbsd-x64": "npm:0.25.5"
    "@esbuild/openbsd-arm64": "npm:0.25.5"
    "@esbuild/openbsd-x64": "npm:0.25.5"
    "@esbuild/sunos-x64": "npm:0.25.5"
    "@esbuild/win32-arm64": "npm:0.25.5"
    "@esbuild/win32-ia32": "npm:0.25.5"
    "@esbuild/win32-x64": "npm:0.25.5"
  dependenciesMeta:
    "@esbuild/aix-ppc64":
      optional: true
    "@esbuild/android-arm":
      optional: true
    "@esbuild/android-arm64":
      optional: true
    "@esbuild/android-x64":
      optional: true
    "@esbuild/darwin-arm64":
      optional: true
    "@esbuild/darwin-x64":
      optional: true
    "@esbuild/freebsd-arm64":
      optional: true
    "@esbuild/freebsd-x64":
      optional: true
    "@esbuild/linux-arm":
      optional: true
    "@esbuild/linux-arm64":
      optional: true
    "@esbuild/linux-ia32":
      optional: true
    "@esbuild/linux-loong64":
      optional: true
    "@esbuild/linux-mips64el":
      optional: true
    "@esbuild/linux-ppc64":
      optional: true
    "@esbuild/linux-riscv64":
      optional: true
    "@esbuild/linux-s390x":
      optional: true
    "@esbuild/linux-x64":
      optional: true
    "@esbuild/netbsd-arm64":
      optional: true
    "@esbuild/netbsd-x64":
      optional: true
    "@esbuild/openbsd-arm64":
      optional: true
    "@esbuild/openbsd-x64":
      optional: true
    "@esbuild/sunos-x64":
      optional: true
    "@esbuild/win32-arm64":
      optional: true
    "@esbuild/win32-ia32":
      optional: true
    "@esbuild/win32-x64":
      optional: true
  bin:
    esbuild: bin/esbuild
  checksum: 10c0/aba8cbc11927fa77562722ed5e95541ce2853f67ad7bdc40382b558abc2e0ec57d92ffb820f082ba2047b4ef9f3bc3da068cdebe30dfd3850cfa3827a78d604e
  languageName: node
  linkType: hard

"kenrick-sites@workspace:.":
  version: 0.0.0-use.local
  resolution: "kenrick-sites@workspace:."
  dependencies:
    decimal.js: "npm:^10.5.0"
    esbuild: "npm:^0.25.5"
    prettier: "npm:^3.5.3"
    rubberband-web: "npm:^0.2.1"
  languageName: unknown
  linkType: soft

"prettier@npm:^3.5.3":
  version: 3.5.3
  resolution: "prettier@npm:3.5.3"
  bin:
    prettier: bin/prettier.cjs
  checksum: 10c0/3880cb90b9dc0635819ab52ff571518c35bd7f15a6e80a2054c05dbc8a3aa6e74f135519e91197de63705bcb38388ded7e7230e2178432a1468005406238b877
  languageName: node
  linkType: hard

"rubberband-web@npm:^0.2.1":
  version: 0.2.1
  resolution: "rubberband-web@npm:0.2.1"
  dependencies:
    tone: "npm:^14.7.77"
  dependenciesMeta:
    tone:
      optional: true
  checksum: 10c0/9ecb34f2f3cbbcffd61de5b672aee6837fcf716d396e6c67e0560968d32c40ee7bf3ba69544a30d59060f15a10f8cd95a6904356eb46e25505a037bc7578b828
  languageName: node
  linkType: hard

"standardized-audio-context@npm:^25.3.70":
  version: 25.3.77
  resolution: "standardized-audio-context@npm:25.3.77"
  dependencies:
    "@babel/runtime": "npm:^7.25.6"
    automation-events: "npm:^7.0.9"
    tslib: "npm:^2.7.0"
  checksum: 10c0/41d5e3a64b881691fecd709313045ab9bddb864ed79c6eb51490056cec080e808e9f5b3ef94d734567b9da88f9c95e68cc63a3a0343374b2f865b1a961fb46ef
  languageName: node
  linkType: hard

"tone@npm:^14.7.77":
  version: 14.9.17
  resolution: "tone@npm:14.9.17"
  dependencies:
    standardized-audio-context: "npm:^25.3.70"
    tslib: "npm:^2.3.1"
  checksum: 10c0/81ef07af0c4f3f365c3fe4e1f0feb207f586bcb9ffde428527c49d68928abde10834fbadc19baacccb15cede24bc1c6f7b98841d548d7f4efdb44f7d7a5b03d8
  languageName: node
  linkType: hard

"tslib@npm:^2.3.1, tslib@npm:^2.7.0, tslib@npm:^2.8.1":
  version: 2.8.1
  resolution: "tslib@npm:2.8.1"
  checksum: 10c0/9c4759110a19c53f992d9aae23aac5ced636e99887b51b9e61def52611732872ff7668757d4e4c61f19691e36f4da981cd9485e869b4a7408d689f6bf1f14e62
  languageName: node
  linkType: hard
